{
  "nodes": {
    "command-utils": {
      "inputs": {
        "flake-utils": [
          "flake-utils"
        ],
        "nixpkgs": [
          "nixpkgs"
        ]
      },
      "locked": {
        "lastModified": 1780272363,
        "narHash": "sha256-kNxu1wkCevxc2SASJ+QXCoOcEWz+On6tR+lYv/ZWMpo=",
        "ref": "refs/heads/main",
        "rev": "eba91ae4f4a48eedab31777ed817d3c593cee7a8",
        "revCount": 6,
        "type": "git",
        "url": "https://tangled.org/expede.wtf/nix-command-utils"
      },
      "original": {
        "type": "git",
        "url": "https://tangled.org/expede.wtf/nix-command-utils"
      }
    },
    "flake-utils": {
      "inputs": {
        "systems": "systems"
      },
      "locked": {
        "lastModified": 1731533236,
        "narHash": "sha256-l0KFg5HjrsfsO/JpG+r7fRrqm12kzFHyUHqHCVpMMbI=",
        "owner": "numtide",
        "repo": "flake-utils",
        "rev": "11707dc2f618dd54ca8739b309ec4fc024de578b",
        "type": "github"
      },
      "original": {
        "owner": "numtide",
        "repo": "flake-utils",
        "type": "github"
      }
    },
    "nixos-unstable": {
      "locked": {
        "lastModified": 1787234702,
        "narHash": "sha256-6V0Lw9cudwTHvJsyXwfhDV5kaiHNluFyPnZIOMI0GdE=",
        "rev": "5cca3a89405eb65d2adb43754c2af8dac7b6f2e1",
        "type": "tarball",
        "url": "https://releases.nixos.org/nixos/unstable-small/nixos-26.11pre1058647.5cca3a89405e/nixexprs.tar.xz"
      },
      "original": {
        "id": "nixpkgs",
        "ref": "nixos-unstable-small",
        "type": "indirect"
      }
    },
    "nixpkgs": {
      "locked": {
        "lastModified": 1787204541,
        "narHash": "sha256-Rb7J0ykni6QA+m5ZC6t5gbBBgkS0xn3bf2fgKpSSbFE=",
        "rev": "5880666fd9eb563038431edb35c2d0aa595884e6",
        "type": "tarball",
        "url": "https://releases.nixos.org/nixos/26.05/nixos-26.05.8111.5880666fd9eb/nixexprs.tar.xz"
      },
      "original": {
        "id": "nixpkgs",
        "ref": "nixos-26.05",
        "type": "indirect"
      }
    },
    "root": {
      "inputs": {
        "command-utils": "command-utils",
        "flake-utils": "flake-utils",
        "nixos-unstable": "nixos-unstable",
        "nixpkgs": "nixpkgs",
        "rust-overlay": "rust-overlay",
        "wasm-bodge-src": "wasm-bodge-src"
      }
    },
    "rust-overlay": {
      "inputs": {
        "nixpkgs": [
          "nixpkgs"
        ]
      },
      "locked": {
        "lastModified": 1787281715,
        "narHash": "sha256-5yIL5XL31hCZBPWDdUOvUy4cYAl27XZrke7JELhHlnI=",
        "owner": "oxalica",
        "repo": "rust-overlay",
        "rev": "89abdfd661ea493cde2f73d7b1332cb34150aa43",
        "type": "github"
      },
      "original": {
        "owner": "oxalica",
        "repo": "rust-overlay",
        "type": "github"
      }
    },
    "systems": {
      "locked": {
        "lastModified": 1681028828,
        "narHash": "sha256-Vy1rq5AaRuLzOxct8nz4T6wlgyUR7zLU309k9mBC768=",
        "owner": "nix-systems",
        "repo": "default",
        "rev": "da67096a3b9bf56a91d16901293e51ba5b49a27e",
        "type": "github"
      },
      "original": {
        "owner": "nix-systems",
        "repo": "default",
        "type": "github"
      }
    },
    "wasm-bodge-src": {
      "flake": false,
      "locked": {
        "lastModified": 1786492779,
        "narHash": "sha256-+0X85f8ulUfDV7wRhN7OvsIFC3s586FXJaz/GX1azio=",
        "owner": "alexjg",
        "repo": "wasm-bodge",
        "rev": "ee3bca139cea45a38aab78a2f2fcc136432ce25f",
        "type": "github"
      },
      "original": {
        "owner": "alexjg",
        "ref": "main",
        "repo": "wasm-bodge",
        "type": "github"
      }
    }
  },
  "root": "root",
  "version": 7
}
