{
  "nodes": {
    "command-utils": {
      "inputs": {
        "flake-utils": [
          "flake-utils"
        ],
        "nixpkgs": [
          "nixpkgs"
        ]
      },
      "locked": {
        "lastModified": 1780272363,
        "narHash": "sha256-kNxu1wkCevxc2SASJ+QXCoOcEWz+On6tR+lYv/ZWMpo=",
        "ref": "refs/heads/main",
        "rev": "eba91ae4f4a48eedab31777ed817d3c593cee7a8",
        "revCount": 6,
        "type": "git",
        "url": "https://codeberg.org/expede/nix-command-utils"
      },
      "original": {
        "type": "git",
        "url": "https://codeberg.org/expede/nix-command-utils"
      }
    },
    "flake-utils": {
      "inputs": {
        "systems": "systems"
      },
      "locked": {
        "lastModified": 1731533236,
        "narHash": "sha256-l0KFg5HjrsfsO/JpG+r7fRrqm12kzFHyUHqHCVpMMbI=",
        "owner": "numtide",
        "repo": "flake-utils",
        "rev": "11707dc2f618dd54ca8739b309ec4fc024de578b",
        "type": "github"
      },
      "original": {
        "owner": "numtide",
        "repo": "flake-utils",
        "type": "github"
      }
    },
    "nixos-unstable": {
      "locked": {
        "lastModified": 1784376972,
        "narHash": "sha256-k8Ielqu0hY+Jfj+Za4+w2agQT6QeUpmTJxj7Bm1vY6g=",
        "rev": "8d704def0fc91d80d2ffcf23ae4b08cb055308f0",
        "type": "tarball",
        "url": "https://releases.nixos.org/nixos/unstable-small/nixos-26.11pre1036942.8d704def0fc9/nixexprs.tar.xz"
      },
      "original": {
        "id": "nixpkgs",
        "ref": "nixos-unstable-small",
        "type": "indirect"
      }
    },
    "nixpkgs": {
      "locked": {
        "lastModified": 1784280462,
        "narHash": "sha256-tdf956RzIg3clDWEZsQrngaEJVxpPNzUsGhVHgGKBj8=",
        "rev": "293d6abedf0478e681a4dfcfcb35b30fc796a32f",
        "type": "tarball",
        "url": "https://releases.nixos.org/nixos/26.05/nixos-26.05.5449.293d6abedf04/nixexprs.tar.xz"
      },
      "original": {
        "id": "nixpkgs",
        "ref": "nixos-26.05",
        "type": "indirect"
      }
    },
    "root": {
      "inputs": {
        "command-utils": "command-utils",
        "flake-utils": "flake-utils",
        "nixos-unstable": "nixos-unstable",
        "nixpkgs": "nixpkgs",
        "rust-overlay": "rust-overlay",
        "wasm-bodge-src": "wasm-bodge-src"
      }
    },
    "rust-overlay": {
      "inputs": {
        "nixpkgs": [
          "nixpkgs"
        ]
      },
      "locked": {
        "lastModified": 1784350408,
        "narHash": "sha256-OstzLWL5t7Xe14xEC6GIMJCp0PrYNTSA0El7GG2av88=",
        "owner": "oxalica",
        "repo": "rust-overlay",
        "rev": "3c38e1e1ba9c8d7030f7b5a801398ea7d8a6fdc0",
        "type": "github"
      },
      "original": {
        "owner": "oxalica",
        "repo": "rust-overlay",
        "type": "github"
      }
    },
    "systems": {
      "locked": {
        "lastModified": 1681028828,
        "narHash": "sha256-Vy1rq5AaRuLzOxct8nz4T6wlgyUR7zLU309k9mBC768=",
        "owner": "nix-systems",
        "repo": "default",
        "rev": "da67096a3b9bf56a91d16901293e51ba5b49a27e",
        "type": "github"
      },
      "original": {
        "owner": "nix-systems",
        "repo": "default",
        "type": "github"
      }
    },
    "wasm-bodge-src": {
      "flake": false,
      "locked": {
        "lastModified": 1781614223,
        "narHash": "sha256-KZipWAFr9Dg6JyVNULRr/o33llxjd68Rphh/THKLK4s=",
        "owner": "alexjg",
        "repo": "wasm-bodge",
        "rev": "2700e4b60ccfd346bdace2b3af78141a1a9511e8",
        "type": "github"
      },
      "original": {
        "owner": "alexjg",
        "ref": "main",
        "repo": "wasm-bodge",
        "type": "github"
      }
    }
  },
  "root": "root",
  "version": 7
}
